
Microsoft Visual Studio Solution File, Format Version 12.00
# Visual Studio Version 16
VisualStudioVersion = 25.0.1706.4
MinimumVisualStudioVersion = 10.0.40219.1
Project("{FAE04EC0-301F-11D3-BF4B-00C04F79EFBC}") = "Matrix", "Matrix\Matrix.csproj", "{1B336F74-B401-429A-9AA9-F28A9DB3AD97}"
EndProject
Global
	GlobalSection(SolutionConfigurationPlatforms) = preSolution
		Debug|Any CPU = Debug|Any CPU
		Release|Any CPU = Release|Any CPU
	EndGlobalSection
	GlobalSection(ProjectConfigurationPlatforms) = postSolution
		{1B336F74-B401-429A-9AA9-F28A9DB3AD97}.Debug|Any CPU.ActiveCfg = Debug|Any CPU
		{1B336F74-B401-429A-9AA9-F28A9DB3AD97}.Debug|Any CPU.Build.0 = Debug|Any CPU
		{1B336F74-B401-429A-9AA9-F28A9DB3AD97}.Release|Any CPU.ActiveCfg = Release|Any CPU
		{1B336F74-B401-429A-9AA9-F28A9DB3AD97}.Release|Any CPU.Build.0 = Release|Any CPU
	EndGlobalSection
	GlobalSection(SolutionProperties) = preSolution
		HideSolutionNode = FALSE
	EndGlobalSection
	GlobalSection(ExtensibilityGlobals) = postSolution
		SolutionGuid = {39BE53CA-B55F-46C7-BB11-D9F28F4D9988}
	EndGlobalSection
EndGlobal
